// !$*UTF8*$!
{
	archiveVersion = 1;
	classes = {
	};
	objectVersion = 77;
	objects = {

/* Begin PBXBuildFile section */
		DB9E5DD02E6728F60073C6BB /* SVGKit in Frameworks */ = {isa = PBXBuildFile; productRef = DB9E5DCF2E6728F60073C6BB /* SVGKit */; };
		DB9E5DD22E6728F60073C6BB /* SVGKitSwift in Frameworks */ = {isa = PBXBuildFile; productRef = DB9E5DD12E6728F60073C6BB /* SVGKitSwift */; };
		DBF097A72E6EFB9500C05E6C /* NeonEngine.framework in Frameworks */ = {isa = PBXBuildFile; fileRef = DBF0979C2E6EFB9500C05E6C /* NeonEngine.framework */; };
		DBF097B12E6EFB9500C05E6C /* NeonEngine.framework in Frameworks */ = {isa = PBXBuildFile; fileRef = DBF0979C2E6EFB9500C05E6C /* NeonEngine.framework */; };
		DBF097B22E6EFB9500C05E6C /* NeonEngine.framework in Embed Frameworks */ = {isa = PBXBuildFile; fileRef = DBF0979C2E6EFB9500C05E6C /* NeonEngine.framework */; settings = {ATTRIBUTES = (CodeSignOnCopy, RemoveHeadersOnCopy, ); }; };
		DBF097E72E6F082E00C05E6C /* SwiftSVG in Frameworks */ = {isa = PBXBuildFile; productRef = DBF097E62E6F082E00C05E6C /* SwiftSVG */; };
/* End PBXBuildFile section */

/* Begin PBXContainerItemProxy section */
		DB9E5DA62E67280A0073C6BB /* PBXContainerItemProxy */ = {
			isa = PBXContainerItemProxy;
			containerPortal = DB9E5D902E6728070073C6BB /* Project object */;
			proxyType = 1;
			remoteGlobalIDString = DB9E5D972E6728080073C6BB;
			remoteInfo = NeonLightsTestApp;
		};
		DB9E5DB02E67280A0073C6BB /* PBXContainerItemProxy */ = {
			isa = PBXContainerItemProxy;
			containerPortal = DB9E5D902E6728070073C6BB /* Project object */;
			proxyType = 1;
			remoteGlobalIDString = DB9E5D972E6728080073C6BB;
			remoteInfo = NeonLightsTestApp;
		};
		DBF097A82E6EFB9500C05E6C /* PBXContainerItemProxy */ = {
			isa = PBXContainerItemProxy;
			containerPortal = DB9E5D902E6728070073C6BB /* Project object */;
			proxyType = 1;
			remoteGlobalIDString = DBF0979B2E6EFB9500C05E6C;
			remoteInfo = NeonEngine;
		};
		DBF097AA2E6EFB9500C05E6C /* PBXContainerItemProxy */ = {
			isa = PBXContainerItemProxy;
			containerPortal = DB9E5D902E6728070073C6BB /* Project object */;
			proxyType = 1;
			remoteGlobalIDString = DB9E5D972E6728080073C6BB;
			remoteInfo = NeonLightsTestApp;
		};
		DBF097AF2E6EFB9500C05E6C /* PBXContainerItemProxy */ = {
			isa = PBXContainerItemProxy;
			containerPortal = DB9E5D902E6728070073C6BB /* Project object */;
			proxyType = 1;
			remoteGlobalIDString = DBF0979B2E6EFB9500C05E6C;
			remoteInfo = NeonEngine;
		};
/* End PBXContainerItemProxy section */

/* Begin PBXCopyFilesBuildPhase section */
		DBF097B32E6EFB9500C05E6C /* Embed Frameworks */ = {
			isa = PBXCopyFilesBuildPhase;
			buildActionMask = 2147483647;
			dstPath = "";
			dstSubfolderSpec = 10;
			files = (
				DBF097B22E6EFB9500C05E6C /* NeonEngine.framework in Embed Frameworks */,
			);
			name = "Embed Frameworks";
			runOnlyForDeploymentPostprocessing = 0;
		};
/* End PBXCopyFilesBuildPhase section */

/* Begin PBXFileReference section */
		DB9E5D982E6728080073C6BB /* NeonLightsTestApp.app */ = {isa = PBXFileReference; explicitFileType = wrapper.application; includeInIndex = 0; path = NeonLightsTestApp.app; sourceTree = BUILT_PRODUCTS_DIR; };
		DB9E5DA52E67280A0073C6BB /* NeonLightsTestAppTests.xctest */ = {isa = PBXFileReference; explicitFileType = wrapper.cfbundle; includeInIndex = 0; path = NeonLightsTestAppTests.xctest; sourceTree = BUILT_PRODUCTS_DIR; };
		DB9E5DAF2E67280A0073C6BB /* NeonLightsTestAppUITests.xctest */ = {isa = PBXFileReference; explicitFileType = wrapper.cfbundle; includeInIndex = 0; path = NeonLightsTestAppUITests.xctest; sourceTree = BUILT_PRODUCTS_DIR; };
		DBF0979C2E6EFB9500C05E6C /* NeonEngine.framework */ = {isa = PBXFileReference; explicitFileType = wrapper.framework; includeInIndex = 0; path = NeonEngine.framework; sourceTree = BUILT_PRODUCTS_DIR; };
		DBF097A62E6EFB9500C05E6C /* NeonEngineTests.xctest */ = {isa = PBXFileReference; explicitFileType = wrapper.cfbundle; includeInIndex = 0; path = NeonEngineTests.xctest; sourceTree = BUILT_PRODUCTS_DIR; };
/* End PBXFileReference section */

/* Begin PBXFileSystemSynchronizedRootGroup section */
		DB9E5D9A2E6728080073C6BB /* NeonLightsTestApp */ = {
			isa = PBXFileSystemSynchronizedRootGroup;
			path = NeonLightsTestApp;
			sourceTree = "<group>";
		};
		DB9E5DA82E67280A0073C6BB /* NeonLightsTestAppTests */ = {
			isa = PBXFileSystemSynchronizedRootGroup;
			path = NeonLightsTestAppTests;
			sourceTree = "<group>";
		};
		DB9E5DB22E67280A0073C6BB /* NeonLightsTestAppUITests */ = {
			isa = PBXFileSystemSynchronizedRootGroup;
			path = NeonLightsTestAppUITests;
			sourceTree = "<group>";
		};
		DB9E5DC42E67285F0073C6BB /* NeonEngine */ = {
			isa = PBXFileSystemSynchronizedRootGroup;
			path = NeonEngine;
			sourceTree = "<group>";
		};
		DBF0979D2E6EFB9500C05E6C /* NeonEngine */ = {
			isa = PBXFileSystemSynchronizedRootGroup;
			path = NeonEngine;
			sourceTree = "<group>";
		};
		DBF097AC2E6EFB9500C05E6C /* NeonEngineTests */ = {
			isa = PBXFileSystemSynchronizedRootGroup;
			path = NeonEngineTests;
			sourceTree = "<group>";
		};
/* End PBXFileSystemSynchronizedRootGroup section */

/* Begin PBXFrameworksBuildPhase section */
		DB9E5D952E6728080073C6BB /* Frameworks */ = {
			isa = PBXFrameworksBuildPhase;
			buildActionMask = 2147483647;
			files = (
				DB9E5DD22E6728F60073C6BB /* SVGKitSwift in Frameworks */,
				DBF097E72E6F082E00C05E6C /* SwiftSVG in Frameworks */,
				DB9E5DD02E6728F60073C6BB /* SVGKit in Frameworks */,
				DBF097B12E6EFB9500C05E6C /* NeonEngine.framework in Frameworks */,
			);
			runOnlyForDeploymentPostprocessing = 0;
		};
		DB9E5DA22E67280A0073C6BB /* Frameworks */ = {
			isa = PBXFrameworksBuildPhase;
			buildActionMask = 2147483647;
			files = (
			);
			runOnlyForDeploymentPostprocessing = 0;
		};
		DB9E5DAC2E67280A0073C6BB /* Frameworks */ = {
			isa = PBXFrameworksBuildPhase;
			buildActionMask = 2147483647;
			files = (
			);
			runOnlyForDeploymentPostprocessing = 0;
		};
		DBF097992E6EFB9500C05E6C /* Frameworks */ = {
			isa = PBXFrameworksBuildPhase;
			buildActionMask = 2147483647;
			files = (
			);
			runOnlyForDeploymentPostprocessing = 0;
		};
		DBF097A32E6EFB9500C05E6C /* Frameworks */ = {
			isa = PBXFrameworksBuildPhase;
			buildActionMask = 2147483647;
			files = (
				DBF097A72E6EFB9500C05E6C /* NeonEngine.framework in Frameworks */,
			);
			runOnlyForDeploymentPostprocessing = 0;
		};
/* End PBXFrameworksBuildPhase section */

/* Begin PBXGroup section */
		DB9E5D8F2E6728070073C6BB = {
			isa = PBXGroup;
			children = (
				DB9E5D9A2E6728080073C6BB /* NeonLightsTestApp */,
				DB9E5DC42E67285F0073C6BB /* NeonEngine */,
				DB9E5DA82E67280A0073C6BB /* NeonLightsTestAppTests */,
				DB9E5DB22E67280A0073C6BB /* NeonLightsTestAppUITests */,
				DBF0979D2E6EFB9500C05E6C /* NeonEngine */,
				DBF097AC2E6EFB9500C05E6C /* NeonEngineTests */,
				DB9E5D992E6728080073C6BB /* Products */,
			);
			sourceTree = "<group>";
		};
		DB9E5D992E6728080073C6BB /* Products */ = {
			isa = PBXGroup;
			children = (
				DB9E5D982E6728080073C6BB /* NeonLightsTestApp.app */,
				DB9E5DA52E67280A0073C6BB /* NeonLightsTestAppTests.xctest */,
				DB9E5DAF2E67280A0073C6BB /* NeonLightsTestAppUITests.xctest */,
				DBF0979C2E6EFB9500C05E6C /* NeonEngine.framework */,
				DBF097A62E6EFB9500C05E6C /* NeonEngineTests.xctest */,
			);
			name = Products;
			sourceTree = "<group>";
		};
/* End PBXGroup section */

/* Begin PBXHeadersBuildPhase section */
		DBF097972E6EFB9500C05E6C /* Headers */ = {
			isa = PBXHeadersBuildPhase;
			buildActionMask = 2147483647;
			files = (
			);
			runOnlyForDeploymentPostprocessing = 0;
		};
/* End PBXHeadersBuildPhase section */

/* Begin PBXNativeTarget section */
		DB9E5D972E6728080073C6BB /* NeonLightsTestApp */ = {
			isa = PBXNativeTarget;
			buildConfigurationList = DB9E5DB92E67280A0073C6BB /* Build configuration list for PBXNativeTarget "NeonLightsTestApp" */;
			buildPhases = (
				DB9E5D942E6728080073C6BB /* Sources */,
				DB9E5D952E6728080073C6BB /* Frameworks */,
				DB9E5D962E6728080073C6BB /* Resources */,
				DBF097B32E6EFB9500C05E6C /* Embed Frameworks */,
			);
			buildRules = (
			);
			dependencies = (
				DBF097B02E6EFB9500C05E6C /* PBXTargetDependency */,
			);
			fileSystemSynchronizedGroups = (
				DB9E5D9A2E6728080073C6BB /* NeonLightsTestApp */,
			);
			name = NeonLightsTestApp;
			packageProductDependencies = (
				DB9E5DCF2E6728F60073C6BB /* SVGKit */,
				DB9E5DD12E6728F60073C6BB /* SVGKitSwift */,
				DBF097E62E6F082E00C05E6C /* SwiftSVG */,
			);
			productName = NeonLightsTestApp;
			productReference = DB9E5D982E6728080073C6BB /* NeonLightsTestApp.app */;
			productType = "com.apple.product-type.application";
		};
		DB9E5DA42E67280A0073C6BB /* NeonLightsTestAppTests */ = {
			isa = PBXNativeTarget;
			buildConfigurationList = DB9E5DBC2E67280A0073C6BB /* Build configuration list for PBXNativeTarget "NeonLightsTestAppTests" */;
			buildPhases = (
				DB9E5DA12E67280A0073C6BB /* Sources */,
				DB9E5DA22E67280A0073C6BB /* Frameworks */,
				DB9E5DA32E67280A0073C6BB /* Resources */,
			);
			buildRules = (
			);
			dependencies = (
				DB9E5DA72E67280A0073C6BB /* PBXTargetDependency */,
			);
			fileSystemSynchronizedGroups = (
				DB9E5DA82E67280A0073C6BB /* NeonLightsTestAppTests */,
			);
			name = NeonLightsTestAppTests;
			packageProductDependencies = (
			);
			productName = NeonLightsTestAppTests;
			productReference = DB9E5DA52E67280A0073C6BB /* NeonLightsTestAppTests.xctest */;
			productType = "com.apple.product-type.bundle.unit-test";
		};
		DB9E5DAE2E67280A0073C6BB /* NeonLightsTestAppUITests */ = {
			isa = PBXNativeTarget;
			buildConfigurationList = DB9E5DBF2E67280A0073C6BB /* Build configuration list for PBXNativeTarget "NeonLightsTestAppUITests" */;
			buildPhases = (
				DB9E5DAB2E67280A0073C6BB /* Sources */,
				DB9E5DAC2E67280A0073C6BB /* Frameworks */,
				DB9E5DAD2E67280A0073C6BB /* Resources */,
			);
			buildRules = (
			);
			dependencies = (
				DB9E5DB12E67280A0073C6BB /* PBXTargetDependency */,
			);
			fileSystemSynchronizedGroups = (
				DB9E5DB22E67280A0073C6BB /* NeonLightsTestAppUITests */,
			);
			name = NeonLightsTestAppUITests;
			packageProductDependencies = (
			);
			productName = NeonLightsTestAppUITests;
			productReference = DB9E5DAF2E67280A0073C6BB /* NeonLightsTestAppUITests.xctest */;
			productType = "com.apple.product-type.bundle.ui-testing";
		};
		DBF0979B2E6EFB9500C05E6C /* NeonEngine */ = {
			isa = PBXNativeTarget;
			buildConfigurationList = DBF097B82E6EFB9500C05E6C /* Build configuration list for PBXNativeTarget "NeonEngine" */;
			buildPhases = (
				DBF097972E6EFB9500C05E6C /* Headers */,
				DBF097982E6EFB9500C05E6C /* Sources */,
				DBF097992E6EFB9500C05E6C /* Frameworks */,
				DBF0979A2E6EFB9500C05E6C /* Resources */,
			);
			buildRules = (
			);
			dependencies = (
			);
			fileSystemSynchronizedGroups = (
				DB9E5DC42E67285F0073C6BB /* NeonEngine */,
				DBF0979D2E6EFB9500C05E6C /* NeonEngine */,
			);
			name = NeonEngine;
			packageProductDependencies = (
			);
			productName = NeonEngine;
			productReference = DBF0979C2E6EFB9500C05E6C /* NeonEngine.framework */;
			productType = "com.apple.product-type.framework";
		};
		DBF097A52E6EFB9500C05E6C /* NeonEngineTests */ = {
			isa = PBXNativeTarget;
			buildConfigurationList = DBF097B92E6EFB9500C05E6C /* Build configuration list for PBXNativeTarget "NeonEngineTests" */;
			buildPhases = (
				DBF097A22E6EFB9500C05E6C /* Sources */,
				DBF097A32E6EFB9500C05E6C /* Frameworks */,
				DBF097A42E6EFB9500C05E6C /* Resources */,
			);
			buildRules = (
			);
			dependencies = (
				DBF097A92E6EFB9500C05E6C /* PBXTargetDependency */,
				DBF097AB2E6EFB9500C05E6C /* PBXTargetDependency */,
			);
			fileSystemSynchronizedGroups = (
				DBF097AC2E6EFB9500C05E6C /* NeonEngineTests */,
			);
			name = NeonEngineTests;
			packageProductDependencies = (
			);
			productName = NeonEngineTests;
			productReference = DBF097A62E6EFB9500C05E6C /* NeonEngineTests.xctest */;
			productType = "com.apple.product-type.bundle.unit-test";
		};
/* End PBXNativeTarget section */

/* Begin PBXProject section */
		DB9E5D902E6728070073C6BB /* Project object */ = {
			isa = PBXProject;
			attributes = {
				BuildIndependentTargetsInParallel = 1;
				LastSwiftUpdateCheck = 1640;
				LastUpgradeCheck = 1640;
				TargetAttributes = {
					DB9E5D972E6728080073C6BB = {
						CreatedOnToolsVersion = 16.4;
					};
					DB9E5DA42E67280A0073C6BB = {
						CreatedOnToolsVersion = 16.4;
						TestTargetID = DB9E5D972E6728080073C6BB;
					};
					DB9E5DAE2E67280A0073C6BB = {
						CreatedOnToolsVersion = 16.4;
						TestTargetID = DB9E5D972E6728080073C6BB;
					};
					DBF0979B2E6EFB9500C05E6C = {
						CreatedOnToolsVersion = 16.4;
					};
					DBF097A52E6EFB9500C05E6C = {
						CreatedOnToolsVersion = 16.4;
						TestTargetID = DB9E5D972E6728080073C6BB;
					};
				};
			};
			buildConfigurationList = DB9E5D932E6728070073C6BB /* Build configuration list for PBXProject "NeonLightsTestApp" */;
			developmentRegion = en;
			hasScannedForEncodings = 0;
			knownRegions = (
				en,
				Base,
			);
			mainGroup = DB9E5D8F2E6728070073C6BB;
			minimizedProjectReferenceProxies = 1;
			packageReferences = (
				DB9E5DCE2E6728F50073C6BB /* XCRemoteSwiftPackageReference "SVGKit" */,
				DBF097E52E6F082E00C05E6C /* XCRemoteSwiftPackageReference "SwiftSVG" */,
			);
			preferredProjectObjectVersion = 77;
			productRefGroup = DB9E5D992E6728080073C6BB /* Products */;
			projectDirPath = "";
			projectRoot = "";
			targets = (
				DB9E5D972E6728080073C6BB /* NeonLightsTestApp */,
				DB9E5DA42E67280A0073C6BB /* NeonLightsTestAppTests */,
				DB9E5DAE2E67280A0073C6BB /* NeonLightsTestAppUITests */,
				DBF0979B2E6EFB9500C05E6C /* NeonEngine */,
				DBF097A52E6EFB9500C05E6C /* NeonEngineTests */,
			);
		};
/* End PBXProject section */

/* Begin PBXResourcesBuildPhase section */
		DB9E5D962E6728080073C6BB /* Resources */ = {
			isa = PBXResourcesBuildPhase;
			buildActionMask = 2147483647;
			files = (
			);
			runOnlyForDeploymentPostprocessing = 0;
		};
		DB9E5DA32E67280A0073C6BB /* Resources */ = {
			isa = PBXResourcesBuildPhase;
			buildActionMask = 2147483647;
			files = (
			);
			runOnlyForDeploymentPostprocessing = 0;
		};
		DB9E5DAD2E67280A0073C6BB /* Resources */ = {
			isa = PBXResourcesBuildPhase;
			buildActionMask = 2147483647;
			files = (
			);
			runOnlyForDeploymentPostprocessing = 0;
		};
		DBF0979A2E6EFB9500C05E6C /* Resources */ = {
			isa = PBXResourcesBuildPhase;
			buildActionMask = 2147483647;
			files = (
			);
			runOnlyForDeploymentPostprocessing = 0;
		};
		DBF097A42E6EFB9500C05E6C /* Resources */ = {
			isa = PBXResourcesBuildPhase;
			buildActionMask = 2147483647;
			files = (
			);
			runOnlyForDeploymentPostprocessing = 0;
		};
/* End PBXResourcesBuildPhase section */

/* Begin PBXSourcesBuildPhase section */
		DB9E5D942E6728080073C6BB /* Sources */ = {
			isa = PBXSourcesBuildPhase;
			buildActionMask = 2147483647;
			files = (
			);
			runOnlyForDeploymentPostprocessing = 0;
		};
		DB9E5DA12E67280A0073C6BB /* Sources */ = {
			isa = PBXSourcesBuildPhase;
			buildActionMask = 2147483647;
			files = (
			);
			runOnlyForDeploymentPostprocessing = 0;
		};
		DB9E5DAB2E67280A0073C6BB /* Sources */ = {
			isa = PBXSourcesBuildPhase;
			buildActionMask = 2147483647;
			files = (
			);
			runOnlyForDeploymentPostprocessing = 0;
		};
		DBF097982E6EFB9500C05E6C /* Sources */ = {
			isa = PBXSourcesBuildPhase;
			buildActionMask = 2147483647;
			files = (
			);
			runOnlyForDeploymentPostprocessing = 0;
		};
		DBF097A22E6EFB9500C05E6C /* Sources */ = {
			isa = PBXSourcesBuildPhase;
			buildActionMask = 2147483647;
			files = (
			);
			runOnlyForDeploymentPostprocessing = 0;
		};
/* End PBXSourcesBuildPhase section */

/* Begin PBXTargetDependency section */
		DB9E5DA72E67280A0073C6BB /* PBXTargetDependency */ = {
			isa = PBXTargetDependency;
			target = DB9E5D972E6728080073C6BB /* NeonLightsTestApp */;
			targetProxy = DB9E5DA62E67280A0073C6BB /* PBXContainerItemProxy */;
		};
		DB9E5DB12E67280A0073C6BB /* PBXTargetDependency */ = {
			isa = PBXTargetDependency;
			target = DB9E5D972E6728080073C6BB /* NeonLightsTestApp */;
			targetProxy = DB9E5DB02E67280A0073C6BB /* PBXContainerItemProxy */;
		};
		DBF097A92E6EFB9500C05E6C /* PBXTargetDependency */ = {
			isa = PBXTargetDependency;
			target = DBF0979B2E6EFB9500C05E6C /* NeonEngine */;
			targetProxy = DBF097A82E6EFB9500C05E6C /* PBXContainerItemProxy */;
		};
		DBF097AB2E6EFB9500C05E6C /* PBXTargetDependency */ = {
			isa = PBXTargetDependency;
			target = DB9E5D972E6728080073C6BB /* NeonLightsTestApp */;
			targetProxy = DBF097AA2E6EFB9500C05E6C /* PBXContainerItemProxy */;
		};
		DBF097B02E6EFB9500C05E6C /* PBXTargetDependency */ = {
			isa = PBXTargetDependency;
			target = DBF0979B2E6EFB9500C05E6C /* NeonEngine */;
			targetProxy = DBF097AF2E6EFB9500C05E6C /* PBXContainerItemProxy */;
		};
/* End PBXTargetDependency section */

/* Begin XCBuildConfiguration section */
		DB9E5DB72E67280A0073C6BB /* Debug */ = {
			isa = XCBuildConfiguration;
			buildSettings = {
				ALWAYS_SEARCH_USER_PATHS = NO;
				ASSETCATALOG_COMPILER_GENERATE_SWIFT_ASSET_SYMBOL_EXTENSIONS = YES;
				CLANG_ANALYZER_NONNULL = YES;
				CLANG_ANALYZER_NUMBER_OBJECT_CONVERSION = YES_AGGRESSIVE;
				CLANG_CXX_LANGUAGE_STANDARD = "gnu++20";
				CLANG_ENABLE_MODULES = YES;
				CLANG_ENABLE_OBJC_ARC = YES;
				CLANG_ENABLE_OBJC_WEAK = YES;
				CLANG_WARN_BLOCK_CAPTURE_AUTORELEASING = YES;
				CLANG_WARN_BOOL_CONVERSION = YES;
				CLANG_WARN_COMMA = YES;
				CLANG_WARN_CONSTANT_CONVERSION = YES;
				CLANG_WARN_DEPRECATED_OBJC_IMPLEMENTATIONS = YES;
				CLANG_WARN_DIRECT_OBJC_ISA_USAGE = YES_ERROR;
				CLANG_WARN_DOCUMENTATION_COMMENTS = YES;
				CLANG_WARN_EMPTY_BODY = YES;
				CLANG_WARN_ENUM_CONVERSION = YES;
				CLANG_WARN_INFINITE_RECURSION = YES;
				CLANG_WARN_INT_CONVERSION = YES;
				CLANG_WARN_NON_LITERAL_NULL_CONVERSION = YES;
				CLANG_WARN_OBJC_IMPLICIT_RETAIN_SELF = YES;
				CLANG_WARN_OBJC_LITERAL_CONVERSION = YES;
				CLANG_WARN_OBJC_ROOT_CLASS = YES_ERROR;
				CLANG_WARN_QUOTED_INCLUDE_IN_FRAMEWORK_HEADER = YES;
				CLANG_WARN_RANGE_LOOP_ANALYSIS = YES;
				CLANG_WARN_STRICT_PROTOTYPES = YES;
				CLANG_WARN_SUSPICIOUS_MOVE = YES;
				CLANG_WARN_UNGUARDED_AVAILABILITY = YES_AGGRESSIVE;
				CLANG_WARN_UNREACHABLE_CODE = YES;
				CLANG_WARN__DUPLICATE_METHOD_MATCH = YES;
				COPY_PHASE_STRIP = NO;
				DEBUG_INFORMATION_FORMAT = dwarf;
				DEVELOPMENT_TEAM = XVH47772KV;
				ENABLE_STRICT_OBJC_MSGSEND = YES;
				ENABLE_TESTABILITY = YES;
				ENABLE_USER_SCRIPT_SANDBOXING = YES;
				GCC_C_LANGUAGE_STANDARD = gnu17;
				GCC_DYNAMIC_NO_PIC = NO;
				GCC_NO_COMMON_BLOCKS = YES;
				GCC_OPTIMIZATION_LEVEL = 0;
				GCC_PREPROCESSOR_DEFINITIONS = (
					"DEBUG=1",
					"$(inherited)",
				);
				GCC_WARN_64_TO_32_BIT_CONVERSION = YES;
				GCC_WARN_ABOUT_RETURN_TYPE = YES_ERROR;
				GCC_WARN_UNDECLARED_SELECTOR = YES;
				GCC_WARN_UNINITIALIZED_AUTOS = YES_AGGRESSIVE;
				GCC_WARN_UNUSED_FUNCTION = YES;
				GCC_WARN_UNUSED_VARIABLE = YES;
				IPHONEOS_DEPLOYMENT_TARGET = 18.5;
				LOCALIZATION_PREFERS_STRING_CATALOGS = YES;
				MTL_ENABLE_DEBUG_INFO = INCLUDE_SOURCE;
				MTL_FAST_MATH = YES;
				ONLY_ACTIVE_ARCH = YES;
				SDKROOT = iphoneos;
				SWIFT_ACTIVE_COMPILATION_CONDITIONS = "DEBUG $(inherited)";
				SWIFT_OPTIMIZATION_LEVEL = "-Onone";
			};
			name = Debug;
		};
		DB9E5DB82E67280A0073C6BB /* Release */ = {
			isa = XCBuildConfiguration;
			buildSettings = {
				ALWAYS_SEARCH_USER_PATHS = NO;
				ASSETCATALOG_COMPILER_GENERATE_SWIFT_ASSET_SYMBOL_EXTENSIONS = YES;
				CLANG_ANALYZER_NONNULL = YES;
				CLANG_ANALYZER_NUMBER_OBJECT_CONVERSION = YES_AGGRESSIVE;
				CLANG_CXX_LANGUAGE_STANDARD = "gnu++20";
				CLANG_ENABLE_MODULES = YES;
				CLANG_ENABLE_OBJC_ARC = YES;
				CLANG_ENABLE_OBJC_WEAK = YES;
				CLANG_WARN_BLOCK_CAPTURE_AUTORELEASING = YES;
				CLANG_WARN_BOOL_CONVERSION = YES;
				CLANG_WARN_COMMA = YES;
				CLANG_WARN_CONSTANT_CONVERSION = YES;
				CLANG_WARN_DEPRECATED_OBJC_IMPLEMENTATIONS = YES;
				CLANG_WARN_DIRECT_OBJC_ISA_USAGE = YES_ERROR;
				CLANG_WARN_DOCUMENTATION_COMMENTS = YES;
				CLANG_WARN_EMPTY_BODY = YES;
				CLANG_WARN_ENUM_CONVERSION = YES;
				CLANG_WARN_INFINITE_RECURSION = YES;
				CLANG_WARN_INT_CONVERSION = YES;
				CLANG_WARN_NON_LITERAL_NULL_CONVERSION = YES;
				CLANG_WARN_OBJC_IMPLICIT_RETAIN_SELF = YES;
				CLANG_WARN_OBJC_LITERAL_CONVERSION = YES;
				CLANG_WARN_OBJC_ROOT_CLASS = YES_ERROR;
				CLANG_WARN_QUOTED_INCLUDE_IN_FRAMEWORK_HEADER = YES;
				CLANG_WARN_RANGE_LOOP_ANALYSIS = YES;
				CLANG_WARN_STRICT_PROTOTYPES = YES;
				CLANG_WARN_SUSPICIOUS_MOVE = YES;
				CLANG_WARN_UNGUARDED_AVAILABILITY = YES_AGGRESSIVE;
				CLANG_WARN_UNREACHABLE_CODE = YES;
				CLANG_WARN__DUPLICATE_METHOD_MATCH = YES;
				COPY_PHASE_STRIP = NO;
				DEBUG_INFORMATION_FORMAT = "dwarf-with-dsym";
				DEVELOPMENT_TEAM = XVH47772KV;
				ENABLE_NS_ASSERTIONS = NO;
				ENABLE_STRICT_OBJC_MSGSEND = YES;
				ENABLE_USER_SCRIPT_SANDBOXING = YES;
				GCC_C_LANGUAGE_STANDARD = gnu17;
				GCC_NO_COMMON_BLOCKS = YES;
				GCC_WARN_64_TO_32_BIT_CONVERSION = YES;
				GCC_WARN_ABOUT_RETURN_TYPE = YES_ERROR;
				GCC_WARN_UNDECLARED_SELECTOR = YES;
				GCC_WARN_UNINITIALIZED_AUTOS = YES_AGGRESSIVE;
				GCC_WARN_UNUSED_FUNCTION = YES;
				GCC_WARN_UNUSED_VARIABLE = YES;
				IPHONEOS_DEPLOYMENT_TARGET = 18.5;
				LOCALIZATION_PREFERS_STRING_CATALOGS = YES;
				MTL_ENABLE_DEBUG_INFO = NO;
				MTL_FAST_MATH = YES;
				SDKROOT = iphoneos;
				SWIFT_COMPILATION_MODE = wholemodule;
				VALIDATE_PRODUCT = YES;
			};
			name = Release;
		};
		DB9E5DBA2E67280A0073C6BB /* Debug */ = {
			isa = XCBuildConfiguration;
			buildSettings = {
				ASSETCATALOG_COMPILER_APPICON_NAME = AppIcon;
				ASSETCATALOG_COMPILER_GLOBAL_ACCENT_COLOR_NAME = AccentColor;
				CODE_SIGN_STYLE = Automatic;
				CURRENT_PROJECT_VERSION = 1;
				DEVELOPMENT_ASSET_PATHS = "";
				DEVELOPMENT_TEAM = XVH47772KV;
				ENABLE_PREVIEWS = YES;
				GENERATE_INFOPLIST_FILE = YES;
				INFOPLIST_KEY_UIApplicationSceneManifest_Generation = YES;
				INFOPLIST_KEY_UIApplicationSupportsIndirectInputEvents = YES;
				INFOPLIST_KEY_UILaunchScreen_Generation = YES;
				INFOPLIST_KEY_UISupportedInterfaceOrientations_iPad = "UIInterfaceOrientationPortrait UIInterfaceOrientationPortraitUpsideDown UIInterfaceOrientationLandscapeLeft UIInterfaceOrientationLandscapeRight";
				INFOPLIST_KEY_UISupportedInterfaceOrientations_iPhone = "UIInterfaceOrientationPortrait UIInterfaceOrientationLandscapeLeft UIInterfaceOrientationLandscapeRight";
				LD_RUNPATH_SEARCH_PATHS = (
					"$(inherited)",
					"@executable_path/Frameworks",
				);
				MARKETING_VERSION = 1.0;
				PRODUCT_BUNDLE_IDENTIFIER = org.onemorecreator.NeonLightsTestApp;
				PRODUCT_NAME = "$(TARGET_NAME)";
				SWIFT_EMIT_LOC_STRINGS = YES;
				SWIFT_VERSION = 5.0;
				TARGETED_DEVICE_FAMILY = "1,2";
			};
			name = Debug;
		};
		DB9E5DBB2E67280A0073C6BB /* Release */ = {
			isa = XCBuildConfiguration;
			buildSettings = {
				ASSETCATALOG_COMPILER_APPICON_NAME = AppIcon;
				ASSETCATALOG_COMPILER_GLOBAL_ACCENT_COLOR_NAME = AccentColor;
				CODE_SIGN_STYLE = Automatic;
				CURRENT_PROJECT_VERSION = 1;
				DEVELOPMENT_ASSET_PATHS = "";
				DEVELOPMENT_TEAM = XVH47772KV;
				ENABLE_PREVIEWS = YES;
				GENERATE_INFOPLIST_FILE = YES;
				INFOPLIST_KEY_UIApplicationSceneManifest_Generation = YES;
				INFOPLIST_KEY_UIApplicationSupportsIndirectInputEvents = YES;
				INFOPLIST_KEY_UILaunchScreen_Generation = YES;
				INFOPLIST_KEY_UISupportedInterfaceOrientations_iPad = "UIInterfaceOrientationPortrait UIInterfaceOrientationPortraitUpsideDown UIInterfaceOrientationLandscapeLeft UIInterfaceOrientationLandscapeRight";
				INFOPLIST_KEY_UISupportedInterfaceOrientations_iPhone = "UIInterfaceOrientationPortrait UIInterfaceOrientationLandscapeLeft UIInterfaceOrientationLandscapeRight";
				LD_RUNPATH_SEARCH_PATHS = (
					"$(inherited)",
					"@executable_path/Frameworks",
				);
				MARKETING_VERSION = 1.0;
				PRODUCT_BUNDLE_IDENTIFIER = org.onemorecreator.NeonLightsTestApp;
				PRODUCT_NAME = "$(TARGET_NAME)";
				SWIFT_EMIT_LOC_STRINGS = YES;
				SWIFT_VERSION = 5.0;
				TARGETED_DEVICE_FAMILY = "1,2";
			};
			name = Release;
		};
		DB9E5DBD2E67280A0073C6BB /* Debug */ = {
			isa = XCBuildConfiguration;
			buildSettings = {
				BUNDLE_LOADER = "$(TEST_HOST)";
				CODE_SIGN_STYLE = Automatic;
				CURRENT_PROJECT_VERSION = 1;
				DEVELOPMENT_TEAM = XVH47772KV;
				GENERATE_INFOPLIST_FILE = YES;
				IPHONEOS_DEPLOYMENT_TARGET = 18.5;
				MARKETING_VERSION = 1.0;
				PRODUCT_BUNDLE_IDENTIFIER = org.onemorecreator.NeonLightsTestAppTests;
				PRODUCT_NAME = "$(TARGET_NAME)";
				SWIFT_EMIT_LOC_STRINGS = NO;
				SWIFT_VERSION = 5.0;
				TARGETED_DEVICE_FAMILY = "1,2";
				TEST_HOST = "$(BUILT_PRODUCTS_DIR)/NeonLightsTestApp.app/$(BUNDLE_EXECUTABLE_FOLDER_PATH)/NeonLightsTestApp";
			};
			name = Debug;
		};
		DB9E5DBE2E67280A0073C6BB /* Release */ = {
			isa = XCBuildConfiguration;
			buildSettings = {
				BUNDLE_LOADER = "$(TEST_HOST)";
				CODE_SIGN_STYLE = Automatic;
				CURRENT_PROJECT_VERSION = 1;
				DEVELOPMENT_TEAM = XVH47772KV;
				GENERATE_INFOPLIST_FILE = YES;
				IPHONEOS_DEPLOYMENT_TARGET = 18.5;
				MARKETING_VERSION = 1.0;
				PRODUCT_BUNDLE_IDENTIFIER = org.onemorecreator.NeonLightsTestAppTests;
				PRODUCT_NAME = "$(TARGET_NAME)";
				SWIFT_EMIT_LOC_STRINGS = NO;
				SWIFT_VERSION = 5.0;
				TARGETED_DEVICE_FAMILY = "1,2";
				TEST_HOST = "$(BUILT_PRODUCTS_DIR)/NeonLightsTestApp.app/$(BUNDLE_EXECUTABLE_FOLDER_PATH)/NeonLightsTestApp";
			};
			name = Release;
		};
		DB9E5DC02E67280A0073C6BB /* Debug */ = {
			isa = XCBuildConfiguration;
			buildSettings = {
				CODE_SIGN_STYLE = Automatic;
				CURRENT_PROJECT_VERSION = 1;
				DEVELOPMENT_TEAM = XVH47772KV;
				GENERATE_INFOPLIST_FILE = YES;
				MARKETING_VERSION = 1.0;
				PRODUCT_BUNDLE_IDENTIFIER = org.onemorecreator.NeonLightsTestAppUITests;
				PRODUCT_NAME = "$(TARGET_NAME)";
				SWIFT_EMIT_LOC_STRINGS = NO;
				SWIFT_VERSION = 5.0;
				TARGETED_DEVICE_FAMILY = "1,2";
				TEST_TARGET_NAME = NeonLightsTestApp;
			};
			name = Debug;
		};
		DB9E5DC12E67280A0073C6BB /* Release */ = {
			isa = XCBuildConfiguration;
			buildSettings = {
				CODE_SIGN_STYLE = Automatic;
				CURRENT_PROJECT_VERSION = 1;
				DEVELOPMENT_TEAM = XVH47772KV;
				GENERATE_INFOPLIST_FILE = YES;
				MARKETING_VERSION = 1.0;
				PRODUCT_BUNDLE_IDENTIFIER = org.onemorecreator.NeonLightsTestAppUITests;
				PRODUCT_NAME = "$(TARGET_NAME)";
				SWIFT_EMIT_LOC_STRINGS = NO;
				SWIFT_VERSION = 5.0;
				TARGETED_DEVICE_FAMILY = "1,2";
				TEST_TARGET_NAME = NeonLightsTestApp;
			};
			name = Release;
		};
		DBF097B42E6EFB9500C05E6C /* Debug */ = {
			isa = XCBuildConfiguration;
			buildSettings = {
				BUILD_LIBRARY_FOR_DISTRIBUTION = YES;
				CODE_SIGN_STYLE = Automatic;
				CURRENT_PROJECT_VERSION = 1;
				DEVELOPMENT_ASSET_PATHS = "NeonEngine/Engine/NeonMetalView.swift NeonEngine/Engine/NeonRenderer.swift";
				DEVELOPMENT_TEAM = XVH47772KV;
				DYLIB_COMPATIBILITY_VERSION = 1;
				DYLIB_CURRENT_VERSION = 1;
				DYLIB_INSTALL_NAME_BASE = "@rpath";
				ENABLE_MODULE_VERIFIER = YES;
				GENERATE_INFOPLIST_FILE = YES;
				INFOPLIST_KEY_NSHumanReadableCopyright = "";
				INSTALL_PATH = "$(LOCAL_LIBRARY_DIR)/Frameworks";
				LD_RUNPATH_SEARCH_PATHS = (
					"$(inherited)",
					"@executable_path/Frameworks",
					"@loader_path/Frameworks",
				);
				MARKETING_VERSION = 1.0;
				MODULE_VERIFIER_SUPPORTED_LANGUAGES = "objective-c objective-c++";
				MODULE_VERIFIER_SUPPORTED_LANGUAGE_STANDARDS = "gnu17 gnu++20";
				PRODUCT_BUNDLE_IDENTIFIER = org.onemorecreator.NeonEngine;
				PRODUCT_NAME = "$(TARGET_NAME:c99extidentifier)";
				SKIP_INSTALL = YES;
				SWIFT_EMIT_LOC_STRINGS = YES;
				SWIFT_INSTALL_MODULE = YES;
				SWIFT_INSTALL_OBJC_HEADER = NO;
				SWIFT_VERSION = 5.0;
				TARGETED_DEVICE_FAMILY = "1,2";
				VERSIONING_SYSTEM = "apple-generic";
				VERSION_INFO_PREFIX = "";
			};
			name = Debug;
		};
		DBF097B52E6EFB9500C05E6C /* Release */ = {
			isa = XCBuildConfiguration;
			buildSettings = {
				BUILD_LIBRARY_FOR_DISTRIBUTION = YES;
				CODE_SIGN_STYLE = Automatic;
				CURRENT_PROJECT_VERSION = 1;
				DEVELOPMENT_ASSET_PATHS = "NeonEngine/Engine/NeonMetalView.swift NeonEngine/Engine/NeonRenderer.swift";
				DEVELOPMENT_TEAM = XVH47772KV;
				DYLIB_COMPATIBILITY_VERSION = 1;
				DYLIB_CURRENT_VERSION = 1;
				DYLIB_INSTALL_NAME_BASE = "@rpath";
				ENABLE_MODULE_VERIFIER = YES;
				GENERATE_INFOPLIST_FILE = YES;
				INFOPLIST_KEY_NSHumanReadableCopyright = "";
				INSTALL_PATH = "$(LOCAL_LIBRARY_DIR)/Frameworks";
				LD_RUNPATH_SEARCH_PATHS = (
					"$(inherited)",
					"@executable_path/Frameworks",
					"@loader_path/Frameworks",
				);
				MARKETING_VERSION = 1.0;
				MODULE_VERIFIER_SUPPORTED_LANGUAGES = "objective-c objective-c++";
				MODULE_VERIFIER_SUPPORTED_LANGUAGE_STANDARDS = "gnu17 gnu++20";
				PRODUCT_BUNDLE_IDENTIFIER = org.onemorecreator.NeonEngine;
				PRODUCT_NAME = "$(TARGET_NAME:c99extidentifier)";
				SKIP_INSTALL = YES;
				SWIFT_EMIT_LOC_STRINGS = YES;
				SWIFT_INSTALL_MODULE = YES;
				SWIFT_INSTALL_OBJC_HEADER = NO;
				SWIFT_VERSION = 5.0;
				TARGETED_DEVICE_FAMILY = "1,2";
				VERSIONING_SYSTEM = "apple-generic";
				VERSION_INFO_PREFIX = "";
			};
			name = Release;
		};
		DBF097B62E6EFB9500C05E6C /* Debug */ = {
			isa = XCBuildConfiguration;
			buildSettings = {
				CODE_SIGN_STYLE = Automatic;
				CURRENT_PROJECT_VERSION = 1;
				DEVELOPMENT_TEAM = XVH47772KV;
				GENERATE_INFOPLIST_FILE = YES;
				MARKETING_VERSION = 1.0;
				PRODUCT_BUNDLE_IDENTIFIER = org.onemorecreator.NeonEngineTests;
				PRODUCT_NAME = "$(TARGET_NAME)";
				SWIFT_EMIT_LOC_STRINGS = NO;
				SWIFT_VERSION = 5.0;
				TARGETED_DEVICE_FAMILY = "1,2";
				TEST_HOST = "$(BUILT_PRODUCTS_DIR)/NeonLightsTestApp.app/$(BUNDLE_EXECUTABLE_FOLDER_PATH)/NeonLightsTestApp";
			};
			name = Debug;
		};
		DBF097B72E6EFB9500C05E6C /* Release */ = {
			isa = XCBuildConfiguration;
			buildSettings = {
				CODE_SIGN_STYLE = Automatic;
				CURRENT_PROJECT_VERSION = 1;
				DEVELOPMENT_TEAM = XVH47772KV;
				GENERATE_INFOPLIST_FILE = YES;
				MARKETING_VERSION = 1.0;
				PRODUCT_BUNDLE_IDENTIFIER = org.onemorecreator.NeonEngineTests;
				PRODUCT_NAME = "$(TARGET_NAME)";
				SWIFT_EMIT_LOC_STRINGS = NO;
				SWIFT_VERSION = 5.0;
				TARGETED_DEVICE_FAMILY = "1,2";
				TEST_HOST = "$(BUILT_PRODUCTS_DIR)/NeonLightsTestApp.app/$(BUNDLE_EXECUTABLE_FOLDER_PATH)/NeonLightsTestApp";
			};
			name = Release;
		};
/* End XCBuildConfiguration section */

/* Begin XCConfigurationList section */
		DB9E5D932E6728070073C6BB /* Build configuration list for PBXProject "NeonLightsTestApp" */ = {
			isa = XCConfigurationList;
			buildConfigurations = (
				DB9E5DB72E67280A0073C6BB /* Debug */,
				DB9E5DB82E67280A0073C6BB /* Release */,
			);
			defaultConfigurationIsVisible = 0;
			defaultConfigurationName = Release;
		};
		DB9E5DB92E67280A0073C6BB /* Build configuration list for PBXNativeTarget "NeonLightsTestApp" */ = {
			isa = XCConfigurationList;
			buildConfigurations = (
				DB9E5DBA2E67280A0073C6BB /* Debug */,
				DB9E5DBB2E67280A0073C6BB /* Release */,
			);
			defaultConfigurationIsVisible = 0;
			defaultConfigurationName = Release;
		};
		DB9E5DBC2E67280A0073C6BB /* Build configuration list for PBXNativeTarget "NeonLightsTestAppTests" */ = {
			isa = XCConfigurationList;
			buildConfigurations = (
				DB9E5DBD2E67280A0073C6BB /* Debug */,
				DB9E5DBE2E67280A0073C6BB /* Release */,
			);
			defaultConfigurationIsVisible = 0;
			defaultConfigurationName = Release;
		};
		DB9E5DBF2E67280A0073C6BB /* Build configuration list for PBXNativeTarget "NeonLightsTestAppUITests" */ = {
			isa = XCConfigurationList;
			buildConfigurations = (
				DB9E5DC02E67280A0073C6BB /* Debug */,
				DB9E5DC12E67280A0073C6BB /* Release */,
			);
			defaultConfigurationIsVisible = 0;
			defaultConfigurationName = Release;
		};
		DBF097B82E6EFB9500C05E6C /* Build configuration list for PBXNativeTarget "NeonEngine" */ = {
			isa = XCConfigurationList;
			buildConfigurations = (
				DBF097B42E6EFB9500C05E6C /* Debug */,
				DBF097B52E6EFB9500C05E6C /* Release */,
			);
			defaultConfigurationIsVisible = 0;
			defaultConfigurationName = Release;
		};
		DBF097B92E6EFB9500C05E6C /* Build configuration list for PBXNativeTarget "NeonEngineTests" */ = {
			isa = XCConfigurationList;
			buildConfigurations = (
				DBF097B62E6EFB9500C05E6C /* Debug */,
				DBF097B72E6EFB9500C05E6C /* Release */,
			);
			defaultConfigurationIsVisible = 0;
			defaultConfigurationName = Release;
		};
/* End XCConfigurationList section */

/* Begin XCRemoteSwiftPackageReference section */
		DB9E5DCE2E6728F50073C6BB /* XCRemoteSwiftPackageReference "SVGKit" */ = {
			isa = XCRemoteSwiftPackageReference;
			repositoryURL = "https://github.com/SVGKit/SVGKit";
			requirement = {
				kind = upToNextMajorVersion;
				minimumVersion = 3.0.0;
			};
		};
		DBF097E52E6F082E00C05E6C /* XCRemoteSwiftPackageReference "SwiftSVG" */ = {
			isa = XCRemoteSwiftPackageReference;
			repositoryURL = "https://github.com/mchoe/SwiftSVG";
			requirement = {
				branch = master;
				kind = branch;
			};
		};
/* End XCRemoteSwiftPackageReference section */

/* Begin XCSwiftPackageProductDependency section */
		DB9E5DCF2E6728F60073C6BB /* SVGKit */ = {
			isa = XCSwiftPackageProductDependency;
			package = DB9E5DCE2E6728F50073C6BB /* XCRemoteSwiftPackageReference "SVGKit" */;
			productName = SVGKit;
		};
		DB9E5DD12E6728F60073C6BB /* SVGKitSwift */ = {
			isa = XCSwiftPackageProductDependency;
			package = DB9E5DCE2E6728F50073C6BB /* XCRemoteSwiftPackageReference "SVGKit" */;
			productName = SVGKitSwift;
		};
		DBF097E62E6F082E00C05E6C /* SwiftSVG */ = {
			isa = XCSwiftPackageProductDependency;
			package = DBF097E52E6F082E00C05E6C /* XCRemoteSwiftPackageReference "SwiftSVG" */;
			productName = SwiftSVG;
		};
/* End XCSwiftPackageProductDependency section */
	};
	rootObject = DB9E5D902E6728070073C6BB /* Project object */;
}
